
Microsoft Visual Studio Solution File, Format Version 12.00
# Visual Studio Version 16
VisualStudioVersion = 16.0.29326.143
MinimumVisualStudioVersion = 10.0.40219.1
Project("{FAE04EC0-301F-11D3-BF4B-00C04F79EFBC}") = "ex01-rpMovies", "ex01-rpMovies\ex01-rpMovies.csproj", "{947C16FE-41DA-4FCC-AFD3-56491D2C7859}"
EndProject
Global
	GlobalSection(SolutionConfigurationPlatforms) = preSolution
		Debug|Any CPU = Debug|Any CPU
		Release|Any CPU = Release|Any CPU
	EndGlobalSection
	GlobalSection(ProjectConfigurationPlatforms) = postSolution
		{947C16FE-41DA-4FCC-AFD3-56491D2C7859}.Debug|Any CPU.ActiveCfg = Debug|Any CPU
		{947C16FE-41DA-4FCC-AFD3-56491D2C7859}.Debug|Any CPU.Build.0 = Debug|Any CPU
		{947C16FE-41DA-4FCC-AFD3-56491D2C7859}.Release|Any CPU.ActiveCfg = Release|Any CPU
		{947C16FE-41DA-4FCC-AFD3-56491D2C7859}.Release|Any CPU.Build.0 = Release|Any CPU
	EndGlobalSection
	GlobalSection(SolutionProperties) = preSolution
		HideSolutionNode = FALSE
	EndGlobalSection
	GlobalSection(ExtensibilityGlobals) = postSolution
		SolutionGuid = {1933A48A-6BA9-458D-8FAC-BF8250DC0E6B}
	EndGlobalSection
EndGlobal
